
Microsoft Visual Studio Solution File, Format Version 12.00
# Visual Studio Version 17
VisualStudioVersion = 17.4.33403.182
MinimumVisualStudioVersion = 10.0.40219.1
Project("{8BC9CEB8-8B4A-11D0-8D11-00A0C91BC942}") = "alg2.1", "alg2.1\alg2.1.vcxproj", "{2C0CC999-9CBD-4733-9AAE-0AC2098F01FC}"
EndProject
Global
	GlobalSection(SolutionConfigurationPlatforms) = preSolution
		Debug|x64 = Debug|x64
		Debug|x86 = Debug|x86
		Release|x64 = Release|x64
		Release|x86 = Release|x86
	EndGlobalSection
	GlobalSection(ProjectConfigurationPlatforms) = postSolution
		{2C0CC999-9CBD-4733-9AAE-0AC2098F01FC}.Debug|x64.ActiveCfg = Debug|x64
		{2C0CC999-9CBD-4733-9AAE-0AC2098F01FC}.Debug|x64.Build.0 = Debug|x64
		{2C0CC999-9CBD-4733-9AAE-0AC2098F01FC}.Debug|x86.ActiveCfg = Debug|Win32
		{2C0CC999-9CBD-4733-9AAE-0AC2098F01FC}.Debug|x86.Build.0 = Debug|Win32
		{2C0CC999-9CBD-4733-9AAE-0AC2098F01FC}.Release|x64.ActiveCfg = Release|x64
		{2C0CC999-9CBD-4733-9AAE-0AC2098F01FC}.Release|x64.Build.0 = Release|x64
		{2C0CC999-9CBD-4733-9AAE-0AC2098F01FC}.Release|x86.ActiveCfg = Release|Win32
		{2C0CC999-9CBD-4733-9AAE-0AC2098F01FC}.Release|x86.Build.0 = Release|Win32
	EndGlobalSection
	GlobalSection(SolutionProperties) = preSolution
		HideSolutionNode = FALSE
	EndGlobalSection
	GlobalSection(ExtensibilityGlobals) = postSolution
		SolutionGuid = {08AC61D0-DB6F-4045-8CA4-9DBF38C2E6C6}
	EndGlobalSection
EndGlobal
