
Microsoft Visual Studio Solution File, Format Version 12.00
# Visual Studio Version 17
VisualStudioVersion = 17.4.33403.182
MinimumVisualStudioVersion = 10.0.40219.1
Project("{8BC9CEB8-8B4A-11D0-8D11-00A0C91BC942}") = "alg3.1", "alg3.1\alg3.1.vcxproj", "{F8D10B9E-0BAB-46B3-BA25-B20FC75CD755}"
EndProject
Global
	GlobalSection(SolutionConfigurationPlatforms) = preSolution
		Debug|x64 = Debug|x64
		Debug|x86 = Debug|x86
		Release|x64 = Release|x64
		Release|x86 = Release|x86
	EndGlobalSection
	GlobalSection(ProjectConfigurationPlatforms) = postSolution
		{F8D10B9E-0BAB-46B3-BA25-B20FC75CD755}.Debug|x64.ActiveCfg = Debug|x64
		{F8D10B9E-0BAB-46B3-BA25-B20FC75CD755}.Debug|x64.Build.0 = Debug|x64
		{F8D10B9E-0BAB-46B3-BA25-B20FC75CD755}.Debug|x86.ActiveCfg = Debug|Win32
		{F8D10B9E-0BAB-46B3-BA25-B20FC75CD755}.Debug|x86.Build.0 = Debug|Win32
		{F8D10B9E-0BAB-46B3-BA25-B20FC75CD755}.Release|x64.ActiveCfg = Release|x64
		{F8D10B9E-0BAB-46B3-BA25-B20FC75CD755}.Release|x64.Build.0 = Release|x64
		{F8D10B9E-0BAB-46B3-BA25-B20FC75CD755}.Release|x86.ActiveCfg = Release|Win32
		{F8D10B9E-0BAB-46B3-BA25-B20FC75CD755}.Release|x86.Build.0 = Release|Win32
	EndGlobalSection
	GlobalSection(SolutionProperties) = preSolution
		HideSolutionNode = FALSE
	EndGlobalSection
	GlobalSection(ExtensibilityGlobals) = postSolution
		SolutionGuid = {FBE55F02-061E-4CDC-BAE2-488010FD6FD5}
	EndGlobalSection
EndGlobal
